
Microsoft Visual Studio Solution File, Format Version 12.00
# Visual Studio Version 17
VisualStudioVersion = 17.0.31903.59
MinimumVisualStudioVersion = 10.0.40219.1
Project("{FAE04EC0-301F-11D3-BF4B-00C04F79EFBC}") = "Tasks.Server", "Tasks.Server\Tasks.Server.csproj", "{EBCE9A2B-2BEC-4E8A-A960-F4B1CCA234FF}"
EndProject
Project("{FAE04EC0-301F-11D3-BF4B-00C04F79EFBC}") = "Tasks.Client", "Tasks.Client\Tasks.Client.csproj", "{07ADA7C7-32E2-456F-8A63-24A652185229}"
EndProject
Global
	GlobalSection(SolutionConfigurationPlatforms) = preSolution
		Debug|Any CPU = Debug|Any CPU
		Release|Any CPU = Release|Any CPU
	EndGlobalSection
	GlobalSection(SolutionProperties) = preSolution
		HideSolutionNode = FALSE
	EndGlobalSection
	GlobalSection(ProjectConfigurationPlatforms) = postSolution
		{EBCE9A2B-2BEC-4E8A-A960-F4B1CCA234FF}.Debug|Any CPU.ActiveCfg = Debug|Any CPU
		{EBCE9A2B-2BEC-4E8A-A960-F4B1CCA234FF}.Debug|Any CPU.Build.0 = Debug|Any CPU
		{EBCE9A2B-2BEC-4E8A-A960-F4B1CCA234FF}.Release|Any CPU.ActiveCfg = Release|Any CPU
		{EBCE9A2B-2BEC-4E8A-A960-F4B1CCA234FF}.Release|Any CPU.Build.0 = Release|Any CPU
		{07ADA7C7-32E2-456F-8A63-24A652185229}.Debug|Any CPU.ActiveCfg = Debug|Any CPU
		{07ADA7C7-32E2-456F-8A63-24A652185229}.Debug|Any CPU.Build.0 = Debug|Any CPU
		{07ADA7C7-32E2-456F-8A63-24A652185229}.Release|Any CPU.ActiveCfg = Release|Any CPU
		{07ADA7C7-32E2-456F-8A63-24A652185229}.Release|Any CPU.Build.0 = Release|Any CPU
	EndGlobalSection
EndGlobal
